
Microsoft Visual Studio Solution File, Format Version 12.00
# Visual Studio Version 17
VisualStudioVersion = 17.6.33723.286
MinimumVisualStudioVersion = 10.0.40219.1
Project("{FAE04EC0-301F-11D3-BF4B-00C04F79EFBC}") = "AdoNetDemo", "AdoNetDemo\AdoNetDemo.csproj", "{38AF0EBD-C00B-427F-B697-BB51A324AEFD}"
EndProject
Project("{FAE04EC0-301F-11D3-BF4B-00C04F79EFBC}") = "EntityFrameworkDemo", "EntityFrameworkDemo\EntityFrameworkDemo.csproj", "{375FBC59-D8B0-46B5-BF3D-A7B9A950170B}"
EndProject
Global
	GlobalSection(SolutionConfigurationPlatforms) = preSolution
		Debug|Any CPU = Debug|Any CPU
		Release|Any CPU = Release|Any CPU
	EndGlobalSection
	GlobalSection(ProjectConfigurationPlatforms) = postSolution
		{38AF0EBD-C00B-427F-B697-BB51A324AEFD}.Debug|Any CPU.ActiveCfg = Debug|Any CPU
		{38AF0EBD-C00B-427F-B697-BB51A324AEFD}.Debug|Any CPU.Build.0 = Debug|Any CPU
		{38AF0EBD-C00B-427F-B697-BB51A324AEFD}.Release|Any CPU.ActiveCfg = Release|Any CPU
		{38AF0EBD-C00B-427F-B697-BB51A324AEFD}.Release|Any CPU.Build.0 = Release|Any CPU
		{375FBC59-D8B0-46B5-BF3D-A7B9A950170B}.Debug|Any CPU.ActiveCfg = Debug|Any CPU
		{375FBC59-D8B0-46B5-BF3D-A7B9A950170B}.Debug|Any CPU.Build.0 = Debug|Any CPU
		{375FBC59-D8B0-46B5-BF3D-A7B9A950170B}.Release|Any CPU.ActiveCfg = Release|Any CPU
		{375FBC59-D8B0-46B5-BF3D-A7B9A950170B}.Release|Any CPU.Build.0 = Release|Any CPU
	EndGlobalSection
	GlobalSection(SolutionProperties) = preSolution
		HideSolutionNode = FALSE
	EndGlobalSection
	GlobalSection(ExtensibilityGlobals) = postSolution
		SolutionGuid = {0DEB87ED-D6DE-46F6-8F59-8E57217DAAA9}
	EndGlobalSection
EndGlobal
